// !$*UTF8*$!
{
	archiveVersion = 1;
	classes = {
	};
	objectVersion = 55;
	objects = {

/* Begin PBXBuildFile section */
		0924540528816A9000870A4B /* SwiftUI_BugsApp.swift in Sources */ = {isa = PBXBuildFile; fileRef = 0924540428816A9000870A4B /* SwiftUI_BugsApp.swift */; };
		0924540728816A9000870A4B /* ContentView.swift in Sources */ = {isa = PBXBuildFile; fileRef = 0924540628816A9000870A4B /* ContentView.swift */; };
		0924540928816A9100870A4B /* Assets.xcassets in Resources */ = {isa = PBXBuildFile; fileRef = 0924540828816A9100870A4B /* Assets.xcassets */; };
		0924540C28816A9100870A4B /* Preview Assets.xcassets in Resources */ = {isa = PBXBuildFile; fileRef = 0924540B28816A9100870A4B /* Preview Assets.xcassets */; };
		094E30B6288173B000E60730 /* SnapCarousel.swift in Sources */ = {isa = PBXBuildFile; fileRef = 094E30B5288173B000E60730 /* SnapCarousel.swift */; };
		094E30B82881AE3F00E60730 /* ListButtonsBug.swift in Sources */ = {isa = PBXBuildFile; fileRef = 094E30B72881AE3F00E60730 /* ListButtonsBug.swift */; };
		094E30C12882AED000E60730 /* TestWrappers.swift in Sources */ = {isa = PBXBuildFile; fileRef = 094E30C02882AED000E60730 /* TestWrappers.swift */; };
		094E30C32882AF3F00E60730 /* AppStorageWrapper.swift in Sources */ = {isa = PBXBuildFile; fileRef = 094E30C22882AF3F00E60730 /* AppStorageWrapper.swift */; };
		094E30C52882B91100E60730 /* TestEnvironment.swift in Sources */ = {isa = PBXBuildFile; fileRef = 094E30C42882B91100E60730 /* TestEnvironment.swift */; };
		094E30C82882BE0600E60730 /* Dummy.swift in Sources */ = {isa = PBXBuildFile; fileRef = 094E30C72882BE0600E60730 /* Dummy.swift */; };
/* End PBXBuildFile section */

/* Begin PBXFileReference section */
		0924540128816A9000870A4B /* SwiftUI-Bugs.app */ = {isa = PBXFileReference; explicitFileType = wrapper.application; includeInIndex = 0; path = "SwiftUI-Bugs.app"; sourceTree = BUILT_PRODUCTS_DIR; };
		0924540428816A9000870A4B /* SwiftUI_BugsApp.swift */ = {isa = PBXFileReference; lastKnownFileType = sourcecode.swift; path = SwiftUI_BugsApp.swift; sourceTree = "<group>"; };
		0924540628816A9000870A4B /* ContentView.swift */ = {isa = PBXFileReference; lastKnownFileType = sourcecode.swift; path = ContentView.swift; sourceTree = "<group>"; };
		0924540828816A9100870A4B /* Assets.xcassets */ = {isa = PBXFileReference; lastKnownFileType = folder.assetcatalog; path = Assets.xcassets; sourceTree = "<group>"; };
		0924540B28816A9100870A4B /* Preview Assets.xcassets */ = {isa = PBXFileReference; lastKnownFileType = folder.assetcatalog; path = "Preview Assets.xcassets"; sourceTree = "<group>"; };
		094E30B5288173B000E60730 /* SnapCarousel.swift */ = {isa = PBXFileReference; lastKnownFileType = sourcecode.swift; path = SnapCarousel.swift; sourceTree = "<group>"; };
		094E30B72881AE3F00E60730 /* ListButtonsBug.swift */ = {isa = PBXFileReference; lastKnownFileType = sourcecode.swift; path = ListButtonsBug.swift; sourceTree = "<group>"; };
		094E30C02882AED000E60730 /* TestWrappers.swift */ = {isa = PBXFileReference; lastKnownFileType = sourcecode.swift; path = TestWrappers.swift; sourceTree = "<group>"; };
		094E30C22882AF3F00E60730 /* AppStorageWrapper.swift */ = {isa = PBXFileReference; lastKnownFileType = sourcecode.swift; path = AppStorageWrapper.swift; sourceTree = "<group>"; };
		094E30C42882B91100E60730 /* TestEnvironment.swift */ = {isa = PBXFileReference; lastKnownFileType = sourcecode.swift; path = TestEnvironment.swift; sourceTree = "<group>"; };
		094E30C72882BE0600E60730 /* Dummy.swift */ = {isa = PBXFileReference; lastKnownFileType = sourcecode.swift; path = Dummy.swift; sourceTree = "<group>"; };
/* End PBXFileReference section */

/* Begin PBXFrameworksBuildPhase section */
		092453FE28816A9000870A4B /* Frameworks */ = {
			isa = PBXFrameworksBuildPhase;
			buildActionMask = 2147483647;
			files = (
			);
			runOnlyForDeploymentPostprocessing = 0;
		};
/* End PBXFrameworksBuildPhase section */

/* Begin PBXGroup section */
		092453F828816A9000870A4B = {
			isa = PBXGroup;
			children = (
				0924540328816A9000870A4B /* SwiftUI-Bugs */,
				0924540228816A9000870A4B /* Products */,
			);
			sourceTree = "<group>";
		};
		0924540228816A9000870A4B /* Products */ = {
			isa = PBXGroup;
			children = (
				0924540128816A9000870A4B /* SwiftUI-Bugs.app */,
			);
			name = Products;
			sourceTree = "<group>";
		};
		0924540328816A9000870A4B /* SwiftUI-Bugs */ = {
			isa = PBXGroup;
			children = (
				0924540428816A9000870A4B /* SwiftUI_BugsApp.swift */,
				094E30BE2882AE8700E60730 /* Bugs */,
				094E30BF2882AEAA00E60730 /* Wrappers */,
				0924540828816A9100870A4B /* Assets.xcassets */,
				0924540A28816A9100870A4B /* Preview Content */,
			);
			path = "SwiftUI-Bugs";
			sourceTree = "<group>";
		};
		0924540A28816A9100870A4B /* Preview Content */ = {
			isa = PBXGroup;
			children = (
				0924540B28816A9100870A4B /* Preview Assets.xcassets */,
			);
			path = "Preview Content";
			sourceTree = "<group>";
		};
		094E30BE2882AE8700E60730 /* Bugs */ = {
			isa = PBXGroup;
			children = (
				0924540628816A9000870A4B /* ContentView.swift */,
				094E30B5288173B000E60730 /* SnapCarousel.swift */,
				094E30B72881AE3F00E60730 /* ListButtonsBug.swift */,
			);
			path = Bugs;
			sourceTree = "<group>";
		};
		094E30BF2882AEAA00E60730 /* Wrappers */ = {
			isa = PBXGroup;
			children = (
				094E30C62882BCB500E60730 /* TestEnvironment */,
				094E30C02882AED000E60730 /* TestWrappers.swift */,
				094E30C22882AF3F00E60730 /* AppStorageWrapper.swift */,
			);
			path = Wrappers;
			sourceTree = "<group>";
		};
		094E30C62882BCB500E60730 /* TestEnvironment */ = {
			isa = PBXGroup;
			children = (
				094E30C42882B91100E60730 /* TestEnvironment.swift */,
				094E30C72882BE0600E60730 /* Dummy.swift */,
			);
			path = TestEnvironment;
			sourceTree = "<group>";
		};
/* End PBXGroup section */

/* Begin PBXNativeTarget section */
		0924540028816A9000870A4B /* SwiftUI-Bugs */ = {
			isa = PBXNativeTarget;
			buildConfigurationList = 0924540F28816A9100870A4B /* Build configuration list for PBXNativeTarget "SwiftUI-Bugs" */;
			buildPhases = (
				092453FD28816A9000870A4B /* Sources */,
				092453FE28816A9000870A4B /* Frameworks */,
				092453FF28816A9000870A4B /* Resources */,
			);
			buildRules = (
			);
			dependencies = (
			);
			name = "SwiftUI-Bugs";
			productName = "SwiftUI-Bugs";
			productReference = 0924540128816A9000870A4B /* SwiftUI-Bugs.app */;
			productType = "com.apple.product-type.application";
		};
/* End PBXNativeTarget section */

/* Begin PBXProject section */
		092453F928816A9000870A4B /* Project object */ = {
			isa = PBXProject;
			attributes = {
				BuildIndependentTargetsInParallel = 1;
				LastSwiftUpdateCheck = 1340;
				LastUpgradeCheck = 1340;
				TargetAttributes = {
					0924540028816A9000870A4B = {
						CreatedOnToolsVersion = 13.4.1;
					};
				};
			};
			buildConfigurationList = 092453FC28816A9000870A4B /* Build configuration list for PBXProject "SwiftUI-Bugs" */;
			compatibilityVersion = "Xcode 13.0";
			developmentRegion = en;
			hasScannedForEncodings = 0;
			knownRegions = (
				en,
				Base,
			);
			mainGroup = 092453F828816A9000870A4B;
			productRefGroup = 0924540228816A9000870A4B /* Products */;
			projectDirPath = "";
			projectRoot = "";
			targets = (
				0924540028816A9000870A4B /* SwiftUI-Bugs */,
			);
		};
/* End PBXProject section */

/* Begin PBXResourcesBuildPhase section */
		092453FF28816A9000870A4B /* Resources */ = {
			isa = PBXResourcesBuildPhase;
			buildActionMask = 2147483647;
			files = (
				0924540C28816A9100870A4B /* Preview Assets.xcassets in Resources */,
				0924540928816A9100870A4B /* Assets.xcassets in Resources */,
			);
			runOnlyForDeploymentPostprocessing = 0;
		};
/* End PBXResourcesBuildPhase section */

/* Begin PBXSourcesBuildPhase section */
		092453FD28816A9000870A4B /* Sources */ = {
			isa = PBXSourcesBuildPhase;
			buildActionMask = 2147483647;
			files = (
				094E30B82881AE3F00E60730 /* ListButtonsBug.swift in Sources */,
				094E30B6288173B000E60730 /* SnapCarousel.swift in Sources */,
				094E30C82882BE0600E60730 /* Dummy.swift in Sources */,
				0924540728816A9000870A4B /* ContentView.swift in Sources */,
				094E30C52882B91100E60730 /* TestEnvironment.swift in Sources */,
				094E30C12882AED000E60730 /* TestWrappers.swift in Sources */,
				0924540528816A9000870A4B /* SwiftUI_BugsApp.swift in Sources */,
				094E30C32882AF3F00E60730 /* AppStorageWrapper.swift in Sources */,
			);
			runOnlyForDeploymentPostprocessing = 0;
		};
/* End PBXSourcesBuildPhase section */

/* Begin XCBuildConfiguration section */
		0924540D28816A9100870A4B /* Debug */ = {
			isa = XCBuildConfiguration;
			buildSettings = {
				ALWAYS_SEARCH_USER_PATHS = NO;
				CLANG_ANALYZER_NONNULL = YES;
				CLANG_ANALYZER_NUMBER_OBJECT_CONVERSION = YES_AGGRESSIVE;
				CLANG_CXX_LANGUAGE_STANDARD = "gnu++17";
				CLANG_ENABLE_MODULES = YES;
				CLANG_ENABLE_OBJC_ARC = YES;
				CLANG_ENABLE_OBJC_WEAK = YES;
				CLANG_WARN_BLOCK_CAPTURE_AUTORELEASING = YES;
				CLANG_WARN_BOOL_CONVERSION = YES;
				CLANG_WARN_COMMA = YES;
				CLANG_WARN_CONSTANT_CONVERSION = YES;
				CLANG_WARN_DEPRECATED_OBJC_IMPLEMENTATIONS = YES;
				CLANG_WARN_DIRECT_OBJC_ISA_USAGE = YES_ERROR;
				CLANG_WARN_DOCUMENTATION_COMMENTS = YES;
				CLANG_WARN_EMPTY_BODY = YES;
				CLANG_WARN_ENUM_CONVERSION = YES;
				CLANG_WARN_INFINITE_RECURSION = YES;
				CLANG_WARN_INT_CONVERSION = YES;
				CLANG_WARN_NON_LITERAL_NULL_CONVERSION = YES;
				CLANG_WARN_OBJC_IMPLICIT_RETAIN_SELF = YES;
				CLANG_WARN_OBJC_LITERAL_CONVERSION = YES;
				CLANG_WARN_OBJC_ROOT_CLASS = YES_ERROR;
				CLANG_WARN_QUOTED_INCLUDE_IN_FRAMEWORK_HEADER = YES;
				CLANG_WARN_RANGE_LOOP_ANALYSIS = YES;
				CLANG_WARN_STRICT_PROTOTYPES = YES;
				CLANG_WARN_SUSPICIOUS_MOVE = YES;
				CLANG_WARN_UNGUARDED_AVAILABILITY = YES_AGGRESSIVE;
				CLANG_WARN_UNREACHABLE_CODE = YES;
				CLANG_WARN__DUPLICATE_METHOD_MATCH = YES;
				COPY_PHASE_STRIP = NO;
				DEBUG_INFORMATION_FORMAT = dwarf;
				ENABLE_STRICT_OBJC_MSGSEND = YES;
				ENABLE_TESTABILITY = YES;
				GCC_C_LANGUAGE_STANDARD = gnu11;
				GCC_DYNAMIC_NO_PIC = NO;
				GCC_NO_COMMON_BLOCKS = YES;
				GCC_OPTIMIZATION_LEVEL = 0;
				GCC_PREPROCESSOR_DEFINITIONS = (
					"DEBUG=1",
					"$(inherited)",
				);
				GCC_WARN_64_TO_32_BIT_CONVERSION = YES;
				GCC_WARN_ABOUT_RETURN_TYPE = YES_ERROR;
				GCC_WARN_UNDECLARED_SELECTOR = YES;
				GCC_WARN_UNINITIALIZED_AUTOS = YES_AGGRESSIVE;
				GCC_WARN_UNUSED_FUNCTION = YES;
				GCC_WARN_UNUSED_VARIABLE = YES;
				IPHONEOS_DEPLOYMENT_TARGET = 15.2;
				MTL_ENABLE_DEBUG_INFO = INCLUDE_SOURCE;
				MTL_FAST_MATH = YES;
				ONLY_ACTIVE_ARCH = YES;
				SDKROOT = iphoneos;
				SWIFT_ACTIVE_COMPILATION_CONDITIONS = DEBUG;
				SWIFT_OPTIMIZATION_LEVEL = "-Onone";
			};
			name = Debug;
		};
		0924540E28816A9100870A4B /* Release */ = {
			isa = XCBuildConfiguration;
			buildSettings = {
				ALWAYS_SEARCH_USER_PATHS = NO;
				CLANG_ANALYZER_NONNULL = YES;
				CLANG_ANALYZER_NUMBER_OBJECT_CONVERSION = YES_AGGRESSIVE;
				CLANG_CXX_LANGUAGE_STANDARD = "gnu++17";
				CLANG_ENABLE_MODULES = YES;
				CLANG_ENABLE_OBJC_ARC = YES;
				CLANG_ENABLE_OBJC_WEAK = YES;
				CLANG_WARN_BLOCK_CAPTURE_AUTORELEASING = YES;
				CLANG_WARN_BOOL_CONVERSION = YES;
				CLANG_WARN_COMMA = YES;
				CLANG_WARN_CONSTANT_CONVERSION = YES;
				CLANG_WARN_DEPRECATED_OBJC_IMPLEMENTATIONS = YES;
				CLANG_WARN_DIRECT_OBJC_ISA_USAGE = YES_ERROR;
				CLANG_WARN_DOCUMENTATION_COMMENTS = YES;
				CLANG_WARN_EMPTY_BODY = YES;
				CLANG_WARN_ENUM_CONVERSION = YES;
				CLANG_WARN_INFINITE_RECURSION = YES;
				CLANG_WARN_INT_CONVERSION = YES;
				CLANG_WARN_NON_LITERAL_NULL_CONVERSION = YES;
				CLANG_WARN_OBJC_IMPLICIT_RETAIN_SELF = YES;
				CLANG_WARN_OBJC_LITERAL_CONVERSION = YES;
				CLANG_WARN_OBJC_ROOT_CLASS = YES_ERROR;
				CLANG_WARN_QUOTED_INCLUDE_IN_FRAMEWORK_HEADER = YES;
				CLANG_WARN_RANGE_LOOP_ANALYSIS = YES;
				CLANG_WARN_STRICT_PROTOTYPES = YES;
				CLANG_WARN_SUSPICIOUS_MOVE = YES;
				CLANG_WARN_UNGUARDED_AVAILABILITY = YES_AGGRESSIVE;
				CLANG_WARN_UNREACHABLE_CODE = YES;
				CLANG_WARN__DUPLICATE_METHOD_MATCH = YES;
				COPY_PHASE_STRIP = NO;
				DEBUG_INFORMATION_FORMAT = "dwarf-with-dsym";
				ENABLE_NS_ASSERTIONS = NO;
				ENABLE_STRICT_OBJC_MSGSEND = YES;
				GCC_C_LANGUAGE_STANDARD = gnu11;
				GCC_NO_COMMON_BLOCKS = YES;
				GCC_WARN_64_TO_32_BIT_CONVERSION = YES;
				GCC_WARN_ABOUT_RETURN_TYPE = YES_ERROR;
				GCC_WARN_UNDECLARED_SELECTOR = YES;
				GCC_WARN_UNINITIALIZED_AUTOS = YES_AGGRESSIVE;
				GCC_WARN_UNUSED_FUNCTION = YES;
				GCC_WARN_UNUSED_VARIABLE = YES;
				IPHONEOS_DEPLOYMENT_TARGET = 15.2;
				MTL_ENABLE_DEBUG_INFO = NO;
				MTL_FAST_MATH = YES;
				SDKROOT = iphoneos;
				SWIFT_COMPILATION_MODE = wholemodule;
				SWIFT_OPTIMIZATION_LEVEL = "-O";
				VALIDATE_PRODUCT = YES;
			};
			name = Release;
		};
		0924541028816A9100870A4B /* Debug */ = {
			isa = XCBuildConfiguration;
			buildSettings = {
				ASSETCATALOG_COMPILER_APPICON_NAME = AppIcon;
				ASSETCATALOG_COMPILER_GLOBAL_ACCENT_COLOR_NAME = AccentColor;
				CODE_SIGN_STYLE = Automatic;
				CURRENT_PROJECT_VERSION = 1;
				DEVELOPMENT_ASSET_PATHS = "\"SwiftUI-Bugs/Preview Content\"";
				DEVELOPMENT_TEAM = 65HCRGU5FA;
				ENABLE_PREVIEWS = YES;
				GENERATE_INFOPLIST_FILE = YES;
				INFOPLIST_KEY_UIApplicationSceneManifest_Generation = YES;
				INFOPLIST_KEY_UIApplicationSupportsIndirectInputEvents = YES;
				INFOPLIST_KEY_UILaunchScreen_Generation = YES;
				INFOPLIST_KEY_UISupportedInterfaceOrientations_iPad = "UIInterfaceOrientationPortrait UIInterfaceOrientationPortraitUpsideDown UIInterfaceOrientationLandscapeLeft UIInterfaceOrientationLandscapeRight";
				INFOPLIST_KEY_UISupportedInterfaceOrientations_iPhone = "UIInterfaceOrientationPortrait UIInterfaceOrientationLandscapeLeft UIInterfaceOrientationLandscapeRight";
				LD_RUNPATH_SEARCH_PATHS = (
					"$(inherited)",
					"@executable_path/Frameworks",
				);
				MARKETING_VERSION = 1.0;
				PRODUCT_BUNDLE_IDENTIFIER = "com.cherkasov.SwiftUI-Bugs";
				PRODUCT_NAME = "$(TARGET_NAME)";
				SWIFT_EMIT_LOC_STRINGS = YES;
				SWIFT_VERSION = 5.0;
				TARGETED_DEVICE_FAMILY = "1,2";
			};
			name = Debug;
		};
		0924541128816A9100870A4B /* Release */ = {
			isa = XCBuildConfiguration;
			buildSettings = {
				ASSETCATALOG_COMPILER_APPICON_NAME = AppIcon;
				ASSETCATALOG_COMPILER_GLOBAL_ACCENT_COLOR_NAME = AccentColor;
				CODE_SIGN_STYLE = Automatic;
				CURRENT_PROJECT_VERSION = 1;
				DEVELOPMENT_ASSET_PATHS = "\"SwiftUI-Bugs/Preview Content\"";
				DEVELOPMENT_TEAM = 65HCRGU5FA;
				ENABLE_PREVIEWS = YES;
				GENERATE_INFOPLIST_FILE = YES;
				INFOPLIST_KEY_UIApplicationSceneManifest_Generation = YES;
				INFOPLIST_KEY_UIApplicationSupportsIndirectInputEvents = YES;
				INFOPLIST_KEY_UILaunchScreen_Generation = YES;
				INFOPLIST_KEY_UISupportedInterfaceOrientations_iPad = "UIInterfaceOrientationPortrait UIInterfaceOrientationPortraitUpsideDown UIInterfaceOrientationLandscapeLeft UIInterfaceOrientationLandscapeRight";
				INFOPLIST_KEY_UISupportedInterfaceOrientations_iPhone = "UIInterfaceOrientationPortrait UIInterfaceOrientationLandscapeLeft UIInterfaceOrientationLandscapeRight";
				LD_RUNPATH_SEARCH_PATHS = (
					"$(inherited)",
					"@executable_path/Frameworks",
				);
				MARKETING_VERSION = 1.0;
				PRODUCT_BUNDLE_IDENTIFIER = "com.cherkasov.SwiftUI-Bugs";
				PRODUCT_NAME = "$(TARGET_NAME)";
				SWIFT_EMIT_LOC_STRINGS = YES;
				SWIFT_VERSION = 5.0;
				TARGETED_DEVICE_FAMILY = "1,2";
			};
			name = Release;
		};
/* End XCBuildConfiguration section */

/* Begin XCConfigurationList section */
		092453FC28816A9000870A4B /* Build configuration list for PBXProject "SwiftUI-Bugs" */ = {
			isa = XCConfigurationList;
			buildConfigurations = (
				0924540D28816A9100870A4B /* Debug */,
				0924540E28816A9100870A4B /* Release */,
			);
			defaultConfigurationIsVisible = 0;
			defaultConfigurationName = Release;
		};
		0924540F28816A9100870A4B /* Build configuration list for PBXNativeTarget "SwiftUI-Bugs" */ = {
			isa = XCConfigurationList;
			buildConfigurations = (
				0924541028816A9100870A4B /* Debug */,
				0924541128816A9100870A4B /* Release */,
			);
			defaultConfigurationIsVisible = 0;
			defaultConfigurationName = Release;
		};
/* End XCConfigurationList section */
	};
	rootObject = 092453F928816A9000870A4B /* Project object */;
}
